{
  "object": {
    "pins": [
      {
        "package": "GRDB",
        "repositoryURL": "https://github.com/groue/GRDB.swift.git",
        "state": {
          "branch": null,
          "revision": "3b6cf4c12b91fd0827419ac4307069efbf7cb65e",
          "version": "5.5.0"
        }
      },
      {
        "package": "LaunchAtLogin",
        "repositoryURL": "https://github.com/sindresorhus/LaunchAtLogin",
        "state": {
          "branch": null,
          "revision": "6b16bcdf7d45a9d76a768a5c4912dde925cf0e95",
          "version": "4.1.0"
        }
      }
    ]
  },
  "version": 1
}
