{
  "object": {
    "pins": [
      {
        "package": "GRDB",
        "repositoryURL": "https://github.com/groue/GRDB.swift.git",
        "state": {
          "branch": null,
          "revision": "3b6cf4c12b91fd0827419ac4307069efbf7cb65e",
          "version": "5.5.0"
        }
      },
      {
        "package": "LaunchAtLogin",
        "repositoryURL": "https://github.com/dyumin/LaunchAtLogin",
        "state": {
          "branch": null,
          "revision": "6b28ab24f9aed20d6251c3ebadd65c50f124038f",
          "version": null
        }
      }
    ]
  },
  "version": 1
}
