// !$*UTF8*$!
{
	archiveVersion = 1;
	classes = {
	};
	objectVersion = 52;
	objects = {

/* Begin PBXBuildFile section */
		CC11C77625E9CC2E00C2D03C /* DraggyTests.swift in Sources */ = {isa = PBXBuildFile; fileRef = CC11C77525E9CC2E00C2D03C /* DraggyTests.swift */; };
		CC4C2F8025E41D2800D50857 /* Localizable.strings in Resources */ = {isa = PBXBuildFile; fileRef = CC4C2F7C25E41D2800D50857 /* Localizable.strings */; };
		CC4C2F8125E41D2800D50857 /* InfoPlist.strings in Resources */ = {isa = PBXBuildFile; fileRef = CC4C2F7E25E41D2800D50857 /* InfoPlist.strings */; };
		CC4C2F8925E4426D00D50857 /* RecentAppsManager.swift in Sources */ = {isa = PBXBuildFile; fileRef = CC4C2F8825E4426D00D50857 /* RecentAppsManager.swift */; };
		CC692A9E25E52F44007FFC49 /* GRDB.framework in Frameworks */ = {isa = PBXBuildFile; fileRef = CC692A8D25E52EFD007FFC49 /* GRDB.framework */; };
		CC692A9F25E52F44007FFC49 /* GRDB.framework in Embed Frameworks */ = {isa = PBXBuildFile; fileRef = CC692A8D25E52EFD007FFC49 /* GRDB.framework */; settings = {ATTRIBUTES = (CodeSignOnCopy, RemoveHeadersOnCopy, ); }; };
		CC692AA225E5AF95007FFC49 /* RemoveButton.swift in Sources */ = {isa = PBXBuildFile; fileRef = CC692AA125E5AF95007FFC49 /* RemoveButton.swift */; };
		CC7785D225EAC53000B1E7ED /* SimpleBundle.swift in Sources */ = {isa = PBXBuildFile; fileRef = CC7785D125EAC53000B1E7ED /* SimpleBundle.swift */; };
		CC797D7725DDE95F00DF1435 /* AppDelegate.swift in Sources */ = {isa = PBXBuildFile; fileRef = CC797D7625DDE95F00DF1435 /* AppDelegate.swift */; };
		CC797D7B25DDE96100DF1435 /* Assets.xcassets in Resources */ = {isa = PBXBuildFile; fileRef = CC797D7A25DDE96100DF1435 /* Assets.xcassets */; };
		CC797DA525E1701700DF1435 /* DragSessionManager.m in Sources */ = {isa = PBXBuildFile; fileRef = CC797DA425E1701700DF1435 /* DragSessionManager.m */; };
		CC797DA825E1738D00DF1435 /* App.swift in Sources */ = {isa = PBXBuildFile; fileRef = CC797DA725E1738D00DF1435 /* App.swift */; };
		CC797DB025E17EF000DF1435 /* DragTargetView.storyboard in Resources */ = {isa = PBXBuildFile; fileRef = CC797DAF25E17EF000DF1435 /* DragTargetView.storyboard */; };
		CC797DB725E180C300DF1435 /* DragTargetView.swift in Sources */ = {isa = PBXBuildFile; fileRef = CC797DB625E180C300DF1435 /* DragTargetView.swift */; };
		CC797DBA25E185CA00DF1435 /* DragTargetViewData.swift in Sources */ = {isa = PBXBuildFile; fileRef = CC797DB925E185CA00DF1435 /* DragTargetViewData.swift */; };
		CC797DC125E1D25700DF1435 /* DragTargetViewItem.swift in Sources */ = {isa = PBXBuildFile; fileRef = CC797DBF25E1D25700DF1435 /* DragTargetViewItem.swift */; };
		CC797DC225E1D25700DF1435 /* DragTargetViewItem.xib in Resources */ = {isa = PBXBuildFile; fileRef = CC797DC025E1D25700DF1435 /* DragTargetViewItem.xib */; };
		CC7EE52E25EBD4F900546FD4 /* LaunchAtLogin in Frameworks */ = {isa = PBXBuildFile; productRef = CC7EE52D25EBD4F900546FD4 /* LaunchAtLogin */; };
		CC9BE1B525E6D3BB00FEE307 /* libfile.dylib in Frameworks */ = {isa = PBXBuildFile; fileRef = CC705DE625E6BC17007C8332 /* libfile.dylib */; };
		CC9BE1B625E6D3BB00FEE307 /* libfile.dylib in Embed Frameworks */ = {isa = PBXBuildFile; fileRef = CC705DE625E6BC17007C8332 /* libfile.dylib */; settings = {ATTRIBUTES = (CodeSignOnCopy, ); }; };
		CC9BE21D25E71D2600FEE307 /* FileDescription.mm in Sources */ = {isa = PBXBuildFile; fileRef = CC9BE21C25E71D2500FEE307 /* FileDescription.mm */; };
		CCF4354A25E403AA00E86C57 /* SectionHeader.swift in Sources */ = {isa = PBXBuildFile; fileRef = CCF4354925E403AA00E86C57 /* SectionHeader.swift */; };
		CCF4354D25E403CD00E86C57 /* SectionHeader.xib in Resources */ = {isa = PBXBuildFile; fileRef = CCF4354C25E403CD00E86C57 /* SectionHeader.xib */; };
/* End PBXBuildFile section */

/* Begin PBXContainerItemProxy section */
		CC11C77825E9CC2E00C2D03C /* PBXContainerItemProxy */ = {
			isa = PBXContainerItemProxy;
			containerPortal = CC797D6B25DDE95F00DF1435 /* Project object */;
			proxyType = 1;
			remoteGlobalIDString = CC797D7225DDE95F00DF1435;
			remoteInfo = Draggy;
		};
		CC692A8C25E52EFD007FFC49 /* PBXContainerItemProxy */ = {
			isa = PBXContainerItemProxy;
			containerPortal = CC692A8125E52EFD007FFC49 /* GRDB.xcodeproj */;
			proxyType = 2;
			remoteGlobalIDString = DC3773F319C8CBB3004FCF85;
			remoteInfo = GRDBOSX;
		};
		CC692A8E25E52EFD007FFC49 /* PBXContainerItemProxy */ = {
			isa = PBXContainerItemProxy;
			containerPortal = CC692A8125E52EFD007FFC49 /* GRDB.xcodeproj */;
			proxyType = 2;
			remoteGlobalIDString = 56E5D7F91B4D422D00430942;
			remoteInfo = GRDBOSXTests;
		};
		CC692A9025E52EFD007FFC49 /* PBXContainerItemProxy */ = {
			isa = PBXContainerItemProxy;
			containerPortal = CC692A8125E52EFD007FFC49 /* GRDB.xcodeproj */;
			proxyType = 2;
			remoteGlobalIDString = 56553C181C3E906C00522B5C;
			remoteInfo = GRDBOSXCrashTests;
		};
		CC692A9225E52EFD007FFC49 /* PBXContainerItemProxy */ = {
			isa = PBXContainerItemProxy;
			containerPortal = CC692A8125E52EFD007FFC49 /* GRDB.xcodeproj */;
			proxyType = 2;
			remoteGlobalIDString = 56E5D7CA1B4D3FED00430942;
			remoteInfo = GRDBiOS;
		};
		CC692A9425E52EFD007FFC49 /* PBXContainerItemProxy */ = {
			isa = PBXContainerItemProxy;
			containerPortal = CC692A8125E52EFD007FFC49 /* GRDB.xcodeproj */;
			proxyType = 2;
			remoteGlobalIDString = 56E5D7D31B4D3FEE00430942;
			remoteInfo = GRDBiOSTests;
		};
		CC692A9625E52EFD007FFC49 /* PBXContainerItemProxy */ = {
			isa = PBXContainerItemProxy;
			containerPortal = CC692A8125E52EFD007FFC49 /* GRDB.xcodeproj */;
			proxyType = 2;
			remoteGlobalIDString = 565490A01D5A4798005622CB;
			remoteInfo = GRDBWatchOS;
		};
		CC692A9825E52EFD007FFC49 /* PBXContainerItemProxy */ = {
			isa = PBXContainerItemProxy;
			containerPortal = CC692A8125E52EFD007FFC49 /* GRDB.xcodeproj */;
			proxyType = 2;
			remoteGlobalIDString = AAA4DCFE230F1E0600C74B15;
			remoteInfo = GRDBtvOS;
		};
		CC692A9A25E52EFD007FFC49 /* PBXContainerItemProxy */ = {
			isa = PBXContainerItemProxy;
			containerPortal = CC692A8125E52EFD007FFC49 /* GRDB.xcodeproj */;
			proxyType = 2;
			remoteGlobalIDString = AAA4DDD4230F262000C74B15;
			remoteInfo = GRDBtvOSTests;
		};
		CC705DE325E6BC17007C8332 /* PBXContainerItemProxy */ = {
			isa = PBXContainerItemProxy;
			containerPortal = CC705DDB25E6BC17007C8332 /* file.xcodeproj */;
			proxyType = 2;
			remoteGlobalIDString = FD9307FD10A8FDBC007DD96A;
			remoteInfo = libmagic;
		};
		CC705DE525E6BC17007C8332 /* PBXContainerItemProxy */ = {
			isa = PBXContainerItemProxy;
			containerPortal = CC705DDB25E6BC17007C8332 /* file.xcodeproj */;
			proxyType = 2;
			remoteGlobalIDString = FD93080C10A8FEC3007DD96A;
			remoteInfo = file;
		};
/* End PBXContainerItemProxy section */

/* Begin PBXCopyFilesBuildPhase section */
		CC692AA025E52F44007FFC49 /* Embed Frameworks */ = {
			isa = PBXCopyFilesBuildPhase;
			buildActionMask = 2147483647;
			dstPath = "";
			dstSubfolderSpec = 10;
			files = (
				CC9BE1B625E6D3BB00FEE307 /* libfile.dylib in Embed Frameworks */,
				CC692A9F25E52F44007FFC49 /* GRDB.framework in Embed Frameworks */,
			);
			name = "Embed Frameworks";
			runOnlyForDeploymentPostprocessing = 0;
		};
/* End PBXCopyFilesBuildPhase section */

/* Begin PBXFileReference section */
		CC11C77325E9CC2E00C2D03C /* DraggyTests.xctest */ = {isa = PBXFileReference; explicitFileType = wrapper.cfbundle; includeInIndex = 0; path = DraggyTests.xctest; sourceTree = BUILT_PRODUCTS_DIR; };
		CC11C77525E9CC2E00C2D03C /* DraggyTests.swift */ = {isa = PBXFileReference; lastKnownFileType = sourcecode.swift; path = DraggyTests.swift; sourceTree = "<group>"; };
		CC11C77725E9CC2E00C2D03C /* Info.plist */ = {isa = PBXFileReference; lastKnownFileType = text.plist.xml; path = Info.plist; sourceTree = "<group>"; };
		CC4C2F7D25E41D2800D50857 /* en */ = {isa = PBXFileReference; lastKnownFileType = text.plist.strings; name = en; path = Localizable.strings; sourceTree = "<group>"; };
		CC4C2F7F25E41D2800D50857 /* en */ = {isa = PBXFileReference; lastKnownFileType = text.plist.strings; name = en; path = InfoPlist.strings; sourceTree = "<group>"; };
		CC4C2F8525E42FC200D50857 /* Screenshot 2021-02-22 at 21.29.28.png */ = {isa = PBXFileReference; lastKnownFileType = image.png; path = "Screenshot 2021-02-22 at 21.29.28.png"; sourceTree = "<group>"; };
		CC4C2F8625E42FD400D50857 /* Todo.md */ = {isa = PBXFileReference; lastKnownFileType = net.daringfireball.markdown; path = Todo.md; sourceTree = "<group>"; };
		CC4C2F8825E4426D00D50857 /* RecentAppsManager.swift */ = {isa = PBXFileReference; lastKnownFileType = sourcecode.swift; path = RecentAppsManager.swift; sourceTree = "<group>"; };
		CC692A8125E52EFD007FFC49 /* GRDB.xcodeproj */ = {isa = PBXFileReference; lastKnownFileType = "wrapper.pb-project"; name = GRDB.xcodeproj; path = GRDB.swift/GRDB.xcodeproj; sourceTree = "<group>"; };
		CC692AA125E5AF95007FFC49 /* RemoveButton.swift */ = {isa = PBXFileReference; lastKnownFileType = sourcecode.swift; path = RemoveButton.swift; sourceTree = "<group>"; };
		CC705DDB25E6BC17007C8332 /* file.xcodeproj */ = {isa = PBXFileReference; lastKnownFileType = "wrapper.pb-project"; name = file.xcodeproj; path = file/file.xcodeproj; sourceTree = "<group>"; };
		CC7785D125EAC53000B1E7ED /* SimpleBundle.swift */ = {isa = PBXFileReference; lastKnownFileType = sourcecode.swift; path = SimpleBundle.swift; sourceTree = "<group>"; };
		CC797D7325DDE95F00DF1435 /* Draggy.app */ = {isa = PBXFileReference; explicitFileType = wrapper.application; includeInIndex = 0; path = Draggy.app; sourceTree = BUILT_PRODUCTS_DIR; };
		CC797D7625DDE95F00DF1435 /* AppDelegate.swift */ = {isa = PBXFileReference; lastKnownFileType = sourcecode.swift; path = AppDelegate.swift; sourceTree = "<group>"; };
		CC797D7A25DDE96100DF1435 /* Assets.xcassets */ = {isa = PBXFileReference; lastKnownFileType = folder.assetcatalog; path = Assets.xcassets; sourceTree = "<group>"; };
		CC797D7F25DDE96100DF1435 /* Info.plist */ = {isa = PBXFileReference; lastKnownFileType = text.plist.xml; path = Info.plist; sourceTree = "<group>"; };
		CC797D8025DDE96100DF1435 /* Draggy.entitlements */ = {isa = PBXFileReference; lastKnownFileType = text.plist.entitlements; path = Draggy.entitlements; sourceTree = "<group>"; };
		CC797D8725DDE9B300DF1435 /* Draggy-Bridging-Header.h */ = {isa = PBXFileReference; lastKnownFileType = sourcecode.c.h; path = "Draggy-Bridging-Header.h"; sourceTree = "<group>"; };
		CC797DA325E1701700DF1435 /* DragSessionManager.h */ = {isa = PBXFileReference; lastKnownFileType = sourcecode.c.h; path = DragSessionManager.h; sourceTree = "<group>"; };
		CC797DA425E1701700DF1435 /* DragSessionManager.m */ = {isa = PBXFileReference; lastKnownFileType = sourcecode.c.objc; path = DragSessionManager.m; sourceTree = "<group>"; };
		CC797DA725E1738D00DF1435 /* App.swift */ = {isa = PBXFileReference; lastKnownFileType = sourcecode.swift; path = App.swift; sourceTree = "<group>"; };
		CC797DAF25E17EF000DF1435 /* DragTargetView.storyboard */ = {isa = PBXFileReference; lastKnownFileType = file.storyboard; path = DragTargetView.storyboard; sourceTree = "<group>"; };
		CC797DB625E180C300DF1435 /* DragTargetView.swift */ = {isa = PBXFileReference; lastKnownFileType = sourcecode.swift; path = DragTargetView.swift; sourceTree = "<group>"; };
		CC797DB925E185CA00DF1435 /* DragTargetViewData.swift */ = {isa = PBXFileReference; lastKnownFileType = sourcecode.swift; path = DragTargetViewData.swift; sourceTree = "<group>"; };
		CC797DBF25E1D25700DF1435 /* DragTargetViewItem.swift */ = {isa = PBXFileReference; lastKnownFileType = sourcecode.swift; path = DragTargetViewItem.swift; sourceTree = "<group>"; };
		CC797DC025E1D25700DF1435 /* DragTargetViewItem.xib */ = {isa = PBXFileReference; lastKnownFileType = file.xib; path = DragTargetViewItem.xib; sourceTree = "<group>"; };
		CC9BE21B25E71D2500FEE307 /* FileDescription.h */ = {isa = PBXFileReference; lastKnownFileType = sourcecode.c.h; path = FileDescription.h; sourceTree = "<group>"; };
		CC9BE21C25E71D2500FEE307 /* FileDescription.mm */ = {isa = PBXFileReference; lastKnownFileType = sourcecode.cpp.objcpp; path = FileDescription.mm; sourceTree = "<group>"; };
		CCF4354925E403AA00E86C57 /* SectionHeader.swift */ = {isa = PBXFileReference; lastKnownFileType = sourcecode.swift; path = SectionHeader.swift; sourceTree = "<group>"; };
		CCF4354C25E403CD00E86C57 /* SectionHeader.xib */ = {isa = PBXFileReference; lastKnownFileType = file.xib; path = SectionHeader.xib; sourceTree = "<group>"; };
/* End PBXFileReference section */

/* Begin PBXFrameworksBuildPhase section */
		CC11C77025E9CC2E00C2D03C /* Frameworks */ = {
			isa = PBXFrameworksBuildPhase;
			buildActionMask = 2147483647;
			files = (
			);
			runOnlyForDeploymentPostprocessing = 0;
		};
		CC797D7025DDE95F00DF1435 /* Frameworks */ = {
			isa = PBXFrameworksBuildPhase;
			buildActionMask = 2147483647;
			files = (
				CC7EE52E25EBD4F900546FD4 /* LaunchAtLogin in Frameworks */,
				CC9BE1B525E6D3BB00FEE307 /* libfile.dylib in Frameworks */,
				CC692A9E25E52F44007FFC49 /* GRDB.framework in Frameworks */,
			);
			runOnlyForDeploymentPostprocessing = 0;
		};
/* End PBXFrameworksBuildPhase section */

/* Begin PBXGroup section */
		CC11C77425E9CC2E00C2D03C /* DraggyTests */ = {
			isa = PBXGroup;
			children = (
				CC11C77525E9CC2E00C2D03C /* DraggyTests.swift */,
				CC11C77725E9CC2E00C2D03C /* Info.plist */,
			);
			path = DraggyTests;
			sourceTree = "<group>";
		};
		CC4C2F7B25E41D2800D50857 /* en.lproj */ = {
			isa = PBXGroup;
			children = (
				CC4C2F7C25E41D2800D50857 /* Localizable.strings */,
				CC4C2F7E25E41D2800D50857 /* InfoPlist.strings */,
			);
			path = en.lproj;
			sourceTree = "<group>";
		};
		CC4C2F8425E42FAD00D50857 /* Todo */ = {
			isa = PBXGroup;
			children = (
				CC4C2F8525E42FC200D50857 /* Screenshot 2021-02-22 at 21.29.28.png */,
				CC4C2F8625E42FD400D50857 /* Todo.md */,
			);
			path = Todo;
			sourceTree = "<group>";
		};
		CC5DEFA625E515E500D40438 /* External */ = {
			isa = PBXGroup;
			children = (
				CC705DDB25E6BC17007C8332 /* file.xcodeproj */,
				CC692A8125E52EFD007FFC49 /* GRDB.xcodeproj */,
			);
			path = External;
			sourceTree = "<group>";
		};
		CC692A8225E52EFD007FFC49 /* Products */ = {
			isa = PBXGroup;
			children = (
				CC692A8D25E52EFD007FFC49 /* GRDB.framework */,
				CC692A8F25E52EFD007FFC49 /* GRDBOSXTests.xctest */,
				CC692A9125E52EFD007FFC49 /* GRDBOSXCrashTests.xctest */,
				CC692A9325E52EFD007FFC49 /* GRDB.framework */,
				CC692A9525E52EFD007FFC49 /* GRDBiOSTests.xctest */,
				CC692A9725E52EFD007FFC49 /* GRDB.framework */,
				CC692A9925E52EFD007FFC49 /* GRDB.framework */,
				CC692A9B25E52EFD007FFC49 /* GRDBtvOSTests.xctest */,
			);
			name = Products;
			sourceTree = "<group>";
		};
		CC692A9D25E52F44007FFC49 /* Frameworks */ = {
			isa = PBXGroup;
			children = (
			);
			name = Frameworks;
			sourceTree = "<group>";
		};
		CC705DDC25E6BC17007C8332 /* Products */ = {
			isa = PBXGroup;
			children = (
				CC705DE425E6BC17007C8332 /* libmagic.a */,
				CC705DE625E6BC17007C8332 /* libfile.dylib */,
			);
			name = Products;
			sourceTree = "<group>";
		};
		CC797D6A25DDE95F00DF1435 = {
			isa = PBXGroup;
			children = (
				CC5DEFA625E515E500D40438 /* External */,
				CC797D7525DDE95F00DF1435 /* Draggy */,
				CC11C77425E9CC2E00C2D03C /* DraggyTests */,
				CC797D7425DDE95F00DF1435 /* Products */,
				CC692A9D25E52F44007FFC49 /* Frameworks */,
			);
			sourceTree = "<group>";
		};
		CC797D7425DDE95F00DF1435 /* Products */ = {
			isa = PBXGroup;
			children = (
				CC797D7325DDE95F00DF1435 /* Draggy.app */,
				CC11C77325E9CC2E00C2D03C /* DraggyTests.xctest */,
			);
			name = Products;
			sourceTree = "<group>";
		};
		CC797D7525DDE95F00DF1435 /* Draggy */ = {
			isa = PBXGroup;
			children = (
				CC4C2F8425E42FAD00D50857 /* Todo */,
				CC4C2F7B25E41D2800D50857 /* en.lproj */,
				CC797D7625DDE95F00DF1435 /* AppDelegate.swift */,
				CC797D7A25DDE96100DF1435 /* Assets.xcassets */,
				CC797D7F25DDE96100DF1435 /* Info.plist */,
				CC797D8025DDE96100DF1435 /* Draggy.entitlements */,
				CC797D8725DDE9B300DF1435 /* Draggy-Bridging-Header.h */,
				CC797DA325E1701700DF1435 /* DragSessionManager.h */,
				CC797DA425E1701700DF1435 /* DragSessionManager.m */,
				CC797DA725E1738D00DF1435 /* App.swift */,
				CC797DC625E2B37A00DF1435 /* DragTargetView */,
				CC4C2F8825E4426D00D50857 /* RecentAppsManager.swift */,
				CC9BE21B25E71D2500FEE307 /* FileDescription.h */,
				CC9BE21C25E71D2500FEE307 /* FileDescription.mm */,
				CC7785D125EAC53000B1E7ED /* SimpleBundle.swift */,
			);
			path = Draggy;
			sourceTree = "<group>";
		};
		CC797DC625E2B37A00DF1435 /* DragTargetView */ = {
			isa = PBXGroup;
			children = (
				CC797DAF25E17EF000DF1435 /* DragTargetView.storyboard */,
				CC797DB625E180C300DF1435 /* DragTargetView.swift */,
				CC797DB925E185CA00DF1435 /* DragTargetViewData.swift */,
				CC797DBF25E1D25700DF1435 /* DragTargetViewItem.swift */,
				CC797DC025E1D25700DF1435 /* DragTargetViewItem.xib */,
				CCF4354925E403AA00E86C57 /* SectionHeader.swift */,
				CCF4354C25E403CD00E86C57 /* SectionHeader.xib */,
				CC692AA125E5AF95007FFC49 /* RemoveButton.swift */,
			);
			path = DragTargetView;
			sourceTree = "<group>";
		};
/* End PBXGroup section */

/* Begin PBXNativeTarget section */
		CC11C77225E9CC2E00C2D03C /* DraggyTests */ = {
			isa = PBXNativeTarget;
			buildConfigurationList = CC11C77A25E9CC2E00C2D03C /* Build configuration list for PBXNativeTarget "DraggyTests" */;
			buildPhases = (
				CC11C76F25E9CC2E00C2D03C /* Sources */,
				CC11C77025E9CC2E00C2D03C /* Frameworks */,
				CC11C77125E9CC2E00C2D03C /* Resources */,
			);
			buildRules = (
			);
			dependencies = (
				CC11C77925E9CC2E00C2D03C /* PBXTargetDependency */,
			);
			name = DraggyTests;
			productName = DraggyTests;
			productReference = CC11C77325E9CC2E00C2D03C /* DraggyTests.xctest */;
			productType = "com.apple.product-type.bundle.unit-test";
		};
		CC797D7225DDE95F00DF1435 /* Draggy */ = {
			isa = PBXNativeTarget;
			buildConfigurationList = CC797D8325DDE96100DF1435 /* Build configuration list for PBXNativeTarget "Draggy" */;
			buildPhases = (
				CC797D6F25DDE95F00DF1435 /* Sources */,
				CC797D7025DDE95F00DF1435 /* Frameworks */,
				CC797D7125DDE95F00DF1435 /* Resources */,
				CC692AA025E52F44007FFC49 /* Embed Frameworks */,
				CC7EE53D25EBD58800546FD4 /* ShellScript */,
			);
			buildRules = (
			);
			dependencies = (
			);
			name = Draggy;
			packageProductDependencies = (
				CC7EE52D25EBD4F900546FD4 /* LaunchAtLogin */,
			);
			productName = Draggy;
			productReference = CC797D7325DDE95F00DF1435 /* Draggy.app */;
			productType = "com.apple.product-type.application";
		};
/* End PBXNativeTarget section */

/* Begin PBXProject section */
		CC797D6B25DDE95F00DF1435 /* Project object */ = {
			isa = PBXProject;
			attributes = {
				LastSwiftUpdateCheck = 1240;
				LastUpgradeCheck = 1240;
				TargetAttributes = {
					CC11C77225E9CC2E00C2D03C = {
						CreatedOnToolsVersion = 12.4;
						TestTargetID = CC797D7225DDE95F00DF1435;
					};
					CC797D7225DDE95F00DF1435 = {
						CreatedOnToolsVersion = 12.4;
						LastSwiftMigration = 1240;
					};
				};
			};
			buildConfigurationList = CC797D6E25DDE95F00DF1435 /* Build configuration list for PBXProject "Draggy" */;
			compatibilityVersion = "Xcode 9.3";
			developmentRegion = en;
			hasScannedForEncodings = 0;
			knownRegions = (
				en,
				Base,
			);
			mainGroup = CC797D6A25DDE95F00DF1435;
			packageReferences = (
				CC7EE52C25EBD4F900546FD4 /* XCRemoteSwiftPackageReference "LaunchAtLogin" */,
			);
			productRefGroup = CC797D7425DDE95F00DF1435 /* Products */;
			projectDirPath = "";
			projectReferences = (
				{
					ProductGroup = CC705DDC25E6BC17007C8332 /* Products */;
					ProjectRef = CC705DDB25E6BC17007C8332 /* file.xcodeproj */;
				},
				{
					ProductGroup = CC692A8225E52EFD007FFC49 /* Products */;
					ProjectRef = CC692A8125E52EFD007FFC49 /* GRDB.xcodeproj */;
				},
			);
			projectRoot = "";
			targets = (
				CC797D7225DDE95F00DF1435 /* Draggy */,
				CC11C77225E9CC2E00C2D03C /* DraggyTests */,
			);
		};
/* End PBXProject section */

/* Begin PBXReferenceProxy section */
		CC692A8D25E52EFD007FFC49 /* GRDB.framework */ = {
			isa = PBXReferenceProxy;
			fileType = wrapper.framework;
			path = GRDB.framework;
			remoteRef = CC692A8C25E52EFD007FFC49 /* PBXContainerItemProxy */;
			sourceTree = BUILT_PRODUCTS_DIR;
		};
		CC692A8F25E52EFD007FFC49 /* GRDBOSXTests.xctest */ = {
			isa = PBXReferenceProxy;
			fileType = wrapper.cfbundle;
			path = GRDBOSXTests.xctest;
			remoteRef = CC692A8E25E52EFD007FFC49 /* PBXContainerItemProxy */;
			sourceTree = BUILT_PRODUCTS_DIR;
		};
		CC692A9125E52EFD007FFC49 /* GRDBOSXCrashTests.xctest */ = {
			isa = PBXReferenceProxy;
			fileType = wrapper.cfbundle;
			path = GRDBOSXCrashTests.xctest;
			remoteRef = CC692A9025E52EFD007FFC49 /* PBXContainerItemProxy */;
			sourceTree = BUILT_PRODUCTS_DIR;
		};
		CC692A9325E52EFD007FFC49 /* GRDB.framework */ = {
			isa = PBXReferenceProxy;
			fileType = wrapper.framework;
			path = GRDB.framework;
			remoteRef = CC692A9225E52EFD007FFC49 /* PBXContainerItemProxy */;
			sourceTree = BUILT_PRODUCTS_DIR;
		};
		CC692A9525E52EFD007FFC49 /* GRDBiOSTests.xctest */ = {
			isa = PBXReferenceProxy;
			fileType = wrapper.cfbundle;
			path = GRDBiOSTests.xctest;
			remoteRef = CC692A9425E52EFD007FFC49 /* PBXContainerItemProxy */;
			sourceTree = BUILT_PRODUCTS_DIR;
		};
		CC692A9725E52EFD007FFC49 /* GRDB.framework */ = {
			isa = PBXReferenceProxy;
			fileType = wrapper.framework;
			path = GRDB.framework;
			remoteRef = CC692A9625E52EFD007FFC49 /* PBXContainerItemProxy */;
			sourceTree = BUILT_PRODUCTS_DIR;
		};
		CC692A9925E52EFD007FFC49 /* GRDB.framework */ = {
			isa = PBXReferenceProxy;
			fileType = wrapper.framework;
			path = GRDB.framework;
			remoteRef = CC692A9825E52EFD007FFC49 /* PBXContainerItemProxy */;
			sourceTree = BUILT_PRODUCTS_DIR;
		};
		CC692A9B25E52EFD007FFC49 /* GRDBtvOSTests.xctest */ = {
			isa = PBXReferenceProxy;
			fileType = wrapper.cfbundle;
			path = GRDBtvOSTests.xctest;
			remoteRef = CC692A9A25E52EFD007FFC49 /* PBXContainerItemProxy */;
			sourceTree = BUILT_PRODUCTS_DIR;
		};
		CC705DE425E6BC17007C8332 /* libmagic.a */ = {
			isa = PBXReferenceProxy;
			fileType = archive.ar;
			path = libmagic.a;
			remoteRef = CC705DE325E6BC17007C8332 /* PBXContainerItemProxy */;
			sourceTree = BUILT_PRODUCTS_DIR;
		};
		CC705DE625E6BC17007C8332 /* libfile.dylib */ = {
			isa = PBXReferenceProxy;
			fileType = "compiled.mach-o.dylib";
			path = libfile.dylib;
			remoteRef = CC705DE525E6BC17007C8332 /* PBXContainerItemProxy */;
			sourceTree = BUILT_PRODUCTS_DIR;
		};
/* End PBXReferenceProxy section */

/* Begin PBXResourcesBuildPhase section */
		CC11C77125E9CC2E00C2D03C /* Resources */ = {
			isa = PBXResourcesBuildPhase;
			buildActionMask = 2147483647;
			files = (
			);
			runOnlyForDeploymentPostprocessing = 0;
		};
		CC797D7125DDE95F00DF1435 /* Resources */ = {
			isa = PBXResourcesBuildPhase;
			buildActionMask = 2147483647;
			files = (
				CC4C2F8025E41D2800D50857 /* Localizable.strings in Resources */,
				CC4C2F8125E41D2800D50857 /* InfoPlist.strings in Resources */,
				CCF4354D25E403CD00E86C57 /* SectionHeader.xib in Resources */,
				CC797DB025E17EF000DF1435 /* DragTargetView.storyboard in Resources */,
				CC797D7B25DDE96100DF1435 /* Assets.xcassets in Resources */,
				CC797DC225E1D25700DF1435 /* DragTargetViewItem.xib in Resources */,
			);
			runOnlyForDeploymentPostprocessing = 0;
		};
/* End PBXResourcesBuildPhase section */

/* Begin PBXShellScriptBuildPhase section */
		CC7EE53D25EBD58800546FD4 /* ShellScript */ = {
			isa = PBXShellScriptBuildPhase;
			buildActionMask = 2147483647;
			files = (
			);
			inputFileListPaths = (
			);
			inputPaths = (
			);
			outputFileListPaths = (
			);
			outputPaths = (
			);
			runOnlyForDeploymentPostprocessing = 0;
			shellPath = /bin/sh;
			shellScript = "# Embed LaunchAtLogin helper application\n\"${BUILT_PRODUCTS_DIR}/LaunchAtLogin_LaunchAtLogin.bundle/Contents/Resources/copy-helper-swiftpm.sh\"\n";
		};
/* End PBXShellScriptBuildPhase section */

/* Begin PBXSourcesBuildPhase section */
		CC11C76F25E9CC2E00C2D03C /* Sources */ = {
			isa = PBXSourcesBuildPhase;
			buildActionMask = 2147483647;
			files = (
				CC11C77625E9CC2E00C2D03C /* DraggyTests.swift in Sources */,
			);
			runOnlyForDeploymentPostprocessing = 0;
		};
		CC797D6F25DDE95F00DF1435 /* Sources */ = {
			isa = PBXSourcesBuildPhase;
			buildActionMask = 2147483647;
			files = (
				CC797DA825E1738D00DF1435 /* App.swift in Sources */,
				CC797DBA25E185CA00DF1435 /* DragTargetViewData.swift in Sources */,
				CC9BE21D25E71D2600FEE307 /* FileDescription.mm in Sources */,
				CC4C2F8925E4426D00D50857 /* RecentAppsManager.swift in Sources */,
				CC797DA525E1701700DF1435 /* DragSessionManager.m in Sources */,
				CCF4354A25E403AA00E86C57 /* SectionHeader.swift in Sources */,
				CC797D7725DDE95F00DF1435 /* AppDelegate.swift in Sources */,
				CC797DC125E1D25700DF1435 /* DragTargetViewItem.swift in Sources */,
				CC797DB725E180C300DF1435 /* DragTargetView.swift in Sources */,
				CC7785D225EAC53000B1E7ED /* SimpleBundle.swift in Sources */,
				CC692AA225E5AF95007FFC49 /* RemoveButton.swift in Sources */,
			);
			runOnlyForDeploymentPostprocessing = 0;
		};
/* End PBXSourcesBuildPhase section */

/* Begin PBXTargetDependency section */
		CC11C77925E9CC2E00C2D03C /* PBXTargetDependency */ = {
			isa = PBXTargetDependency;
			target = CC797D7225DDE95F00DF1435 /* Draggy */;
			targetProxy = CC11C77825E9CC2E00C2D03C /* PBXContainerItemProxy */;
		};
/* End PBXTargetDependency section */

/* Begin PBXVariantGroup section */
		CC4C2F7C25E41D2800D50857 /* Localizable.strings */ = {
			isa = PBXVariantGroup;
			children = (
				CC4C2F7D25E41D2800D50857 /* en */,
			);
			name = Localizable.strings;
			sourceTree = "<group>";
		};
		CC4C2F7E25E41D2800D50857 /* InfoPlist.strings */ = {
			isa = PBXVariantGroup;
			children = (
				CC4C2F7F25E41D2800D50857 /* en */,
			);
			name = InfoPlist.strings;
			sourceTree = "<group>";
		};
/* End PBXVariantGroup section */

/* Begin XCBuildConfiguration section */
		CC11C77B25E9CC2E00C2D03C /* Debug */ = {
			isa = XCBuildConfiguration;
			buildSettings = {
				BUNDLE_LOADER = "$(TEST_HOST)";
				CODE_SIGN_STYLE = Automatic;
				COMBINE_HIDPI_IMAGES = YES;
				DEVELOPMENT_TEAM = UCTQDPM624;
				INFOPLIST_FILE = DraggyTests/Info.plist;
				LD_RUNPATH_SEARCH_PATHS = (
					"$(inherited)",
					"@executable_path/../Frameworks",
					"@loader_path/../Frameworks",
				);
				MACOSX_DEPLOYMENT_TARGET = 10.15;
				PRODUCT_BUNDLE_IDENTIFIER = io.github.dyumin.DraggyTests;
				PRODUCT_NAME = "$(TARGET_NAME)";
				SWIFT_VERSION = 5.0;
				TEST_HOST = "$(BUILT_PRODUCTS_DIR)/Draggy.app/Contents/MacOS/Draggy";
			};
			name = Debug;
		};
		CC11C77C25E9CC2E00C2D03C /* Release */ = {
			isa = XCBuildConfiguration;
			buildSettings = {
				BUNDLE_LOADER = "$(TEST_HOST)";
				CODE_SIGN_STYLE = Automatic;
				COMBINE_HIDPI_IMAGES = YES;
				DEVELOPMENT_TEAM = UCTQDPM624;
				INFOPLIST_FILE = DraggyTests/Info.plist;
				LD_RUNPATH_SEARCH_PATHS = (
					"$(inherited)",
					"@executable_path/../Frameworks",
					"@loader_path/../Frameworks",
				);
				MACOSX_DEPLOYMENT_TARGET = 10.15;
				PRODUCT_BUNDLE_IDENTIFIER = io.github.dyumin.DraggyTests;
				PRODUCT_NAME = "$(TARGET_NAME)";
				SWIFT_VERSION = 5.0;
				TEST_HOST = "$(BUILT_PRODUCTS_DIR)/Draggy.app/Contents/MacOS/Draggy";
			};
			name = Release;
		};
		CC797D8125DDE96100DF1435 /* Debug */ = {
			isa = XCBuildConfiguration;
			buildSettings = {
				ALWAYS_SEARCH_USER_PATHS = NO;
				CLANG_ANALYZER_NONNULL = YES;
				CLANG_ANALYZER_NUMBER_OBJECT_CONVERSION = YES_AGGRESSIVE;
				CLANG_CXX_LANGUAGE_STANDARD = "gnu++14";
				CLANG_CXX_LIBRARY = "libc++";
				CLANG_ENABLE_MODULES = YES;
				CLANG_ENABLE_OBJC_ARC = YES;
				CLANG_ENABLE_OBJC_WEAK = YES;
				CLANG_WARN_BLOCK_CAPTURE_AUTORELEASING = YES;
				CLANG_WARN_BOOL_CONVERSION = YES;
				CLANG_WARN_COMMA = YES;
				CLANG_WARN_CONSTANT_CONVERSION = YES;
				CLANG_WARN_DEPRECATED_OBJC_IMPLEMENTATIONS = YES;
				CLANG_WARN_DIRECT_OBJC_ISA_USAGE = YES_ERROR;
				CLANG_WARN_DOCUMENTATION_COMMENTS = YES;
				CLANG_WARN_EMPTY_BODY = YES;
				CLANG_WARN_ENUM_CONVERSION = YES;
				CLANG_WARN_INFINITE_RECURSION = YES;
				CLANG_WARN_INT_CONVERSION = YES;
				CLANG_WARN_NON_LITERAL_NULL_CONVERSION = YES;
				CLANG_WARN_OBJC_IMPLICIT_RETAIN_SELF = YES;
				CLANG_WARN_OBJC_LITERAL_CONVERSION = YES;
				CLANG_WARN_OBJC_ROOT_CLASS = YES_ERROR;
				CLANG_WARN_QUOTED_INCLUDE_IN_FRAMEWORK_HEADER = YES;
				CLANG_WARN_RANGE_LOOP_ANALYSIS = YES;
				CLANG_WARN_STRICT_PROTOTYPES = YES;
				CLANG_WARN_SUSPICIOUS_MOVE = YES;
				CLANG_WARN_UNGUARDED_AVAILABILITY = YES_AGGRESSIVE;
				CLANG_WARN_UNREACHABLE_CODE = YES;
				CLANG_WARN__DUPLICATE_METHOD_MATCH = YES;
				COPY_PHASE_STRIP = NO;
				DEBUG_INFORMATION_FORMAT = dwarf;
				ENABLE_STRICT_OBJC_MSGSEND = YES;
				ENABLE_TESTABILITY = YES;
				GCC_C_LANGUAGE_STANDARD = gnu11;
				GCC_DYNAMIC_NO_PIC = NO;
				GCC_NO_COMMON_BLOCKS = YES;
				GCC_OPTIMIZATION_LEVEL = 0;
				GCC_PREPROCESSOR_DEFINITIONS = (
					"DEBUG=1",
					"$(inherited)",
				);
				GCC_WARN_64_TO_32_BIT_CONVERSION = YES;
				GCC_WARN_ABOUT_RETURN_TYPE = YES_ERROR;
				GCC_WARN_UNDECLARED_SELECTOR = YES;
				GCC_WARN_UNINITIALIZED_AUTOS = YES_AGGRESSIVE;
				GCC_WARN_UNUSED_FUNCTION = YES;
				GCC_WARN_UNUSED_VARIABLE = YES;
				MACOSX_DEPLOYMENT_TARGET = 10.13;
				MTL_ENABLE_DEBUG_INFO = INCLUDE_SOURCE;
				MTL_FAST_MATH = YES;
				ONLY_ACTIVE_ARCH = YES;
				SDKROOT = macosx;
				SWIFT_ACTIVE_COMPILATION_CONDITIONS = DEBUG;
				SWIFT_OPTIMIZATION_LEVEL = "-Onone";
			};
			name = Debug;
		};
		CC797D8225DDE96100DF1435 /* Release */ = {
			isa = XCBuildConfiguration;
			buildSettings = {
				ALWAYS_SEARCH_USER_PATHS = NO;
				CLANG_ANALYZER_NONNULL = YES;
				CLANG_ANALYZER_NUMBER_OBJECT_CONVERSION = YES_AGGRESSIVE;
				CLANG_CXX_LANGUAGE_STANDARD = "gnu++14";
				CLANG_CXX_LIBRARY = "libc++";
				CLANG_ENABLE_MODULES = YES;
				CLANG_ENABLE_OBJC_ARC = YES;
				CLANG_ENABLE_OBJC_WEAK = YES;
				CLANG_WARN_BLOCK_CAPTURE_AUTORELEASING = YES;
				CLANG_WARN_BOOL_CONVERSION = YES;
				CLANG_WARN_COMMA = YES;
				CLANG_WARN_CONSTANT_CONVERSION = YES;
				CLANG_WARN_DEPRECATED_OBJC_IMPLEMENTATIONS = YES;
				CLANG_WARN_DIRECT_OBJC_ISA_USAGE = YES_ERROR;
				CLANG_WARN_DOCUMENTATION_COMMENTS = YES;
				CLANG_WARN_EMPTY_BODY = YES;
				CLANG_WARN_ENUM_CONVERSION = YES;
				CLANG_WARN_INFINITE_RECURSION = YES;
				CLANG_WARN_INT_CONVERSION = YES;
				CLANG_WARN_NON_LITERAL_NULL_CONVERSION = YES;
				CLANG_WARN_OBJC_IMPLICIT_RETAIN_SELF = YES;
				CLANG_WARN_OBJC_LITERAL_CONVERSION = YES;
				CLANG_WARN_OBJC_ROOT_CLASS = YES_ERROR;
				CLANG_WARN_QUOTED_INCLUDE_IN_FRAMEWORK_HEADER = YES;
				CLANG_WARN_RANGE_LOOP_ANALYSIS = YES;
				CLANG_WARN_STRICT_PROTOTYPES = YES;
				CLANG_WARN_SUSPICIOUS_MOVE = YES;
				CLANG_WARN_UNGUARDED_AVAILABILITY = YES_AGGRESSIVE;
				CLANG_WARN_UNREACHABLE_CODE = YES;
				CLANG_WARN__DUPLICATE_METHOD_MATCH = YES;
				COPY_PHASE_STRIP = NO;
				DEBUG_INFORMATION_FORMAT = "dwarf-with-dsym";
				ENABLE_NS_ASSERTIONS = NO;
				ENABLE_STRICT_OBJC_MSGSEND = YES;
				GCC_C_LANGUAGE_STANDARD = gnu11;
				GCC_NO_COMMON_BLOCKS = YES;
				GCC_OPTIMIZATION_LEVEL = 3;
				GCC_WARN_64_TO_32_BIT_CONVERSION = YES;
				GCC_WARN_ABOUT_RETURN_TYPE = YES_ERROR;
				GCC_WARN_UNDECLARED_SELECTOR = YES;
				GCC_WARN_UNINITIALIZED_AUTOS = YES_AGGRESSIVE;
				GCC_WARN_UNUSED_FUNCTION = YES;
				GCC_WARN_UNUSED_VARIABLE = YES;
				MACOSX_DEPLOYMENT_TARGET = 10.13;
				MTL_ENABLE_DEBUG_INFO = NO;
				MTL_FAST_MATH = YES;
				SDKROOT = macosx;
				SWIFT_COMPILATION_MODE = wholemodule;
				SWIFT_OPTIMIZATION_LEVEL = "-O";
			};
			name = Release;
		};
		CC797D8425DDE96100DF1435 /* Debug */ = {
			isa = XCBuildConfiguration;
			buildSettings = {
				ASSETCATALOG_COMPILER_APPICON_NAME = AppIcon;
				ASSETCATALOG_COMPILER_GLOBAL_ACCENT_COLOR_NAME = AccentColor;
				CLANG_ENABLE_MODULES = YES;
				CODE_SIGN_ENTITLEMENTS = Draggy/Draggy.entitlements;
				CODE_SIGN_STYLE = Automatic;
				COMBINE_HIDPI_IMAGES = YES;
				DEVELOPMENT_TEAM = UCTQDPM624;
				ENABLE_HARDENED_RUNTIME = YES;
				HEADER_SEARCH_PATHS = "\"$(SRCROOT)/External/file/include\"";
				INFOPLIST_FILE = Draggy/Info.plist;
				LD_RUNPATH_SEARCH_PATHS = (
					"$(inherited)",
					"@executable_path/../Frameworks",
				);
				MARKETING_VERSION = 0.0.1;
				PRODUCT_BUNDLE_IDENTIFIER = io.github.dyumin.Draggy;
				PRODUCT_NAME = "$(TARGET_NAME)";
				SWIFT_OBJC_BRIDGING_HEADER = "Draggy/Draggy-Bridging-Header.h";
				SWIFT_OPTIMIZATION_LEVEL = "-Onone";
				SWIFT_VERSION = 5.0;
			};
			name = Debug;
		};
		CC797D8525DDE96100DF1435 /* Release */ = {
			isa = XCBuildConfiguration;
			buildSettings = {
				ASSETCATALOG_COMPILER_APPICON_NAME = AppIcon;
				ASSETCATALOG_COMPILER_GLOBAL_ACCENT_COLOR_NAME = AccentColor;
				CLANG_ENABLE_MODULES = YES;
				CODE_SIGN_ENTITLEMENTS = Draggy/Draggy.entitlements;
				CODE_SIGN_STYLE = Automatic;
				COMBINE_HIDPI_IMAGES = YES;
				DEVELOPMENT_TEAM = UCTQDPM624;
				ENABLE_HARDENED_RUNTIME = YES;
				GCC_OPTIMIZATION_LEVEL = 3;
				HEADER_SEARCH_PATHS = "\"$(SRCROOT)/External/file/include\"";
				INFOPLIST_FILE = Draggy/Info.plist;
				LD_RUNPATH_SEARCH_PATHS = (
					"$(inherited)",
					"@executable_path/../Frameworks",
				);
				MARKETING_VERSION = 0.0.1;
				PRODUCT_BUNDLE_IDENTIFIER = io.github.dyumin.Draggy;
				PRODUCT_NAME = "$(TARGET_NAME)";
				SWIFT_OBJC_BRIDGING_HEADER = "Draggy/Draggy-Bridging-Header.h";
				SWIFT_VERSION = 5.0;
			};
			name = Release;
		};
/* End XCBuildConfiguration section */

/* Begin XCConfigurationList section */
		CC11C77A25E9CC2E00C2D03C /* Build configuration list for PBXNativeTarget "DraggyTests" */ = {
			isa = XCConfigurationList;
			buildConfigurations = (
				CC11C77B25E9CC2E00C2D03C /* Debug */,
				CC11C77C25E9CC2E00C2D03C /* Release */,
			);
			defaultConfigurationIsVisible = 0;
			defaultConfigurationName = Release;
		};
		CC797D6E25DDE95F00DF1435 /* Build configuration list for PBXProject "Draggy" */ = {
			isa = XCConfigurationList;
			buildConfigurations = (
				CC797D8125DDE96100DF1435 /* Debug */,
				CC797D8225DDE96100DF1435 /* Release */,
			);
			defaultConfigurationIsVisible = 0;
			defaultConfigurationName = Release;
		};
		CC797D8325DDE96100DF1435 /* Build configuration list for PBXNativeTarget "Draggy" */ = {
			isa = XCConfigurationList;
			buildConfigurations = (
				CC797D8425DDE96100DF1435 /* Debug */,
				CC797D8525DDE96100DF1435 /* Release */,
			);
			defaultConfigurationIsVisible = 0;
			defaultConfigurationName = Release;
		};
/* End XCConfigurationList section */

/* Begin XCRemoteSwiftPackageReference section */
		CC7EE52C25EBD4F900546FD4 /* XCRemoteSwiftPackageReference "LaunchAtLogin" */ = {
			isa = XCRemoteSwiftPackageReference;
			repositoryURL = "https://github.com/sindresorhus/LaunchAtLogin";
			requirement = {
				kind = upToNextMajorVersion;
				minimumVersion = 4.0.0;
			};
		};
/* End XCRemoteSwiftPackageReference section */

/* Begin XCSwiftPackageProductDependency section */
		CC7EE52D25EBD4F900546FD4 /* LaunchAtLogin */ = {
			isa = XCSwiftPackageProductDependency;
			package = CC7EE52C25EBD4F900546FD4 /* XCRemoteSwiftPackageReference "LaunchAtLogin" */;
			productName = LaunchAtLogin;
		};
/* End XCSwiftPackageProductDependency section */
	};
	rootObject = CC797D6B25DDE95F00DF1435 /* Project object */;
}
